
Microsoft Visual Studio Solution File, Format Version 12.00
# Visual Studio Version 17
VisualStudioVersion = 17.14.36518.9
MinimumVisualStudioVersion = 10.0.40219.1
Project("{FAE04EC0-301F-11D3-BF4B-00C04F79EFBC}") = "Common.Address", "Common.Address\Common.Address.csproj", "{33F38062-F1AA-498F-9FE5-76879AC5F310}"
EndProject
Project("{FAE04EC0-301F-11D3-BF4B-00C04F79EFBC}") = "Common.Address.Test", "Common.Address.Test\Common.Address.Test.csproj", "{73D57F11-3E13-4AEC-93F4-EB073647AD32}"
EndProject
Global
	GlobalSection(SolutionConfigurationPlatforms) = preSolution
		Debug|Any CPU = Debug|Any CPU
		Release|Any CPU = Release|Any CPU
	EndGlobalSection
	GlobalSection(ProjectConfigurationPlatforms) = postSolution
		{33F38062-F1AA-498F-9FE5-76879AC5F310}.Debug|Any CPU.ActiveCfg = Debug|Any CPU
		{33F38062-F1AA-498F-9FE5-76879AC5F310}.Debug|Any CPU.Build.0 = Debug|Any CPU
		{33F38062-F1AA-498F-9FE5-76879AC5F310}.Release|Any CPU.ActiveCfg = Release|Any CPU
		{33F38062-F1AA-498F-9FE5-76879AC5F310}.Release|Any CPU.Build.0 = Release|Any CPU
		{73D57F11-3E13-4AEC-93F4-EB073647AD32}.Debug|Any CPU.ActiveCfg = Debug|Any CPU
		{73D57F11-3E13-4AEC-93F4-EB073647AD32}.Debug|Any CPU.Build.0 = Debug|Any CPU
		{73D57F11-3E13-4AEC-93F4-EB073647AD32}.Release|Any CPU.ActiveCfg = Release|Any CPU
		{73D57F11-3E13-4AEC-93F4-EB073647AD32}.Release|Any CPU.Build.0 = Release|Any CPU
	EndGlobalSection
	GlobalSection(SolutionProperties) = preSolution
		HideSolutionNode = FALSE
	EndGlobalSection
	GlobalSection(ExtensibilityGlobals) = postSolution
		SolutionGuid = {E4963486-0AD2-4C0B-971B-044DFEDE0957}
	EndGlobalSection
EndGlobal
